
Microsoft Visual Studio Solution File, Format Version 12.00
# Visual Studio Version 17
VisualStudioVersion = 17.7.34031.279
MinimumVisualStudioVersion = 10.0.40219.1
Project("{9A19103F-16F7-4668-BE54-9A1E7A4F7556}") = "SportsStore", "SportsStore\SportsStore.csproj", "{DE10987A-D839-4C8E-9D01-EDA0F0D29BFC}"
EndProject
Global
	GlobalSection(SolutionConfigurationPlatforms) = preSolution
		Debug|Any CPU = Debug|Any CPU
		Release|Any CPU = Release|Any CPU
	EndGlobalSection
	GlobalSection(ProjectConfigurationPlatforms) = postSolution
		{DE10987A-D839-4C8E-9D01-EDA0F0D29BFC}.Debug|Any CPU.ActiveCfg = Debug|Any CPU
		{DE10987A-D839-4C8E-9D01-EDA0F0D29BFC}.Debug|Any CPU.Build.0 = Debug|Any CPU
		{DE10987A-D839-4C8E-9D01-EDA0F0D29BFC}.Release|Any CPU.ActiveCfg = Release|Any CPU
		{DE10987A-D839-4C8E-9D01-EDA0F0D29BFC}.Release|Any CPU.Build.0 = Release|Any CPU
	EndGlobalSection
	GlobalSection(SolutionProperties) = preSolution
		HideSolutionNode = FALSE
	EndGlobalSection
	GlobalSection(ExtensibilityGlobals) = postSolution
		SolutionGuid = {BED466E0-83A7-4C78-A0D6-6DF22478A5B9}
	EndGlobalSection
EndGlobal
